{
  "nodes": {
    "adwaita-theme": {
      "flake": false,
      "locked": {
        "lastModified": 1687400838,
        "narHash": "sha256-Y8DzAIMH8Hp+Qfu+sxer0UKmnix2wKHnBsRF/N+ah7s=",
        "owner": "Mofiqul",
        "repo": "adwaita.nvim",
        "rev": "bb421a3439a515862ecb57970f10722cdcc4d089",
        "type": "github"
      },
      "original": {
        "owner": "Mofiqul",
        "repo": "adwaita.nvim",
        "type": "github"
      }
    },
    "caret-theme": {
      "flake": false,
      "locked": {
        "lastModified": 1695010954,
        "narHash": "sha256-2HQ6VM9fYRM+eF2iKX2ZP3a0XS3n9A6o6nkNNpmxGkw=",
        "owner": "projekt0n",
        "repo": "caret.nvim",
        "rev": "405cbbbe674126bd216f62d77313e182a47c623f",
        "type": "github"
      },
      "original": {
        "owner": "projekt0n",
        "repo": "caret.nvim",
        "type": "github"
      }
    },
    "citruszest-theme": {
      "flake": false,
      "locked": {
        "lastModified": 1699809559,
        "narHash": "sha256-uEFBhCcH1XuSYUYs+nua9TNFlNcfchvel7lb5YpBaD0=",
        "owner": "zootedb0t",
        "repo": "citruszest.nvim",
        "rev": "30cbab822fec23ed38781c3c94d866cfa7fbb9a1",
        "type": "github"
      },
      "original": {
        "owner": "zootedb0t",
        "repo": "citruszest.nvim",
        "type": "github"
      }
    },
    "efmls-configs": {
      "flake": false,
      "locked": {
        "lastModified": 1699882665,
        "narHash": "sha256-6bMZjrbH+cBo2S6mKOoonYPlc9CjH7+4ZR3i9f6Z1V4=",
        "owner": "creativenull",
        "repo": "efmls-configs-nvim",
        "rev": "9bc2196b24a38ebaa16fab25d63caa38565410f3",
        "type": "github"
      },
      "original": {
        "owner": "creativenull",
        "repo": "efmls-configs-nvim",
        "type": "github"
      }
    },
    "flake-parts": {
      "inputs": {
        "nixpkgs-lib": "nixpkgs-lib"
      },
      "locked": {
        "lastModified": 1698882062,
        "narHash": "sha256-HkhafUayIqxXyHH1X8d9RDl1M2CkFgZLjKD3MzabiEo=",
        "owner": "hercules-ci",
        "repo": "flake-parts",
        "rev": "8c9fa2545007b49a5db5f650ae91f227672c3877",
        "type": "github"
      },
      "original": {
        "owner": "hercules-ci",
        "repo": "flake-parts",
        "type": "github"
      }
    },
    "melange-theme": {
      "flake": false,
      "locked": {
        "lastModified": 1698069480,
        "narHash": "sha256-JBPuOODMw/XZsiP6aLrDy8Wj7wp9E2SaM1mW7iZhlIA=",
        "owner": "savq",
        "repo": "melange-nvim",
        "rev": "ca3444c8e5002ee5ab6f077660317f869c7b6a36",
        "type": "github"
      },
      "original": {
        "owner": "savq",
        "repo": "melange-nvim",
        "type": "github"
      }
    },
    "nixpkgs": {
      "locked": {
        "lastModified": 1699963925,
        "narHash": "sha256-LE7OV/SwkIBsCpAlIPiFhch/J+jBDGEZjNfdnzCnCrY=",
        "owner": "NixOS",
        "repo": "nixpkgs",
        "rev": "bf744fe90419885eefced41b3e5ae442d732712d",
        "type": "github"
      },
      "original": {
        "owner": "NixOS",
        "ref": "nixos-unstable",
        "repo": "nixpkgs",
        "type": "github"
      }
    },
    "nixpkgs-lib": {
      "locked": {
        "dir": "lib",
        "lastModified": 1698611440,
        "narHash": "sha256-jPjHjrerhYDy3q9+s5EAsuhyhuknNfowY6yt6pjn9pc=",
        "owner": "NixOS",
        "repo": "nixpkgs",
        "rev": "0cbe9f69c234a7700596e943bfae7ef27a31b735",
        "type": "github"
      },
      "original": {
        "dir": "lib",
        "owner": "NixOS",
        "ref": "nixos-unstable",
        "repo": "nixpkgs",
        "type": "github"
      }
    },
    "root": {
      "inputs": {
        "adwaita-theme": "adwaita-theme",
        "caret-theme": "caret-theme",
        "citruszest-theme": "citruszest-theme",
        "efmls-configs": "efmls-configs",
        "flake-parts": "flake-parts",
        "melange-theme": "melange-theme",
        "nixpkgs": "nixpkgs",
        "sonokai-theme": "sonokai-theme"
      }
    },
    "sonokai-theme": {
      "flake": false,
      "locked": {
        "lastModified": 1698164195,
        "narHash": "sha256-L/aPZ2CiJARxzlBoFTQ2gRWtDaSlPN7B2w8zNtLYeSU=",
        "owner": "sainnhe",
        "repo": "sonokai",
        "rev": "bdce098fc9e7202d3c555e2dc98c755ca1c23835",
        "type": "github"
      },
      "original": {
        "owner": "sainnhe",
        "repo": "sonokai",
        "type": "github"
      }
    }
  },
  "root": "root",
  "version": 7
}
