{
  "nodes": {
    "adwaita-theme": {
      "flake": false,
      "locked": {
        "lastModified": 1702658572,
        "narHash": "sha256-oQiVL/rTeeI+rE0gnnn3FgxZ7FPShm5GIk1VcYK2PdM=",
        "owner": "Mofiqul",
        "repo": "adwaita.nvim",
        "rev": "981bce791959d79cd1316e59e23906e3c05efb44",
        "type": "github"
      },
      "original": {
        "owner": "Mofiqul",
        "repo": "adwaita.nvim",
        "type": "github"
      }
    },
    "caret-theme": {
      "flake": false,
      "locked": {
        "lastModified": 1695010954,
        "narHash": "sha256-2HQ6VM9fYRM+eF2iKX2ZP3a0XS3n9A6o6nkNNpmxGkw=",
        "owner": "projekt0n",
        "repo": "caret.nvim",
        "rev": "405cbbbe674126bd216f62d77313e182a47c623f",
        "type": "github"
      },
      "original": {
        "owner": "projekt0n",
        "repo": "caret.nvim",
        "type": "github"
      }
    },
    "citruszest-theme": {
      "flake": false,
      "locked": {
        "lastModified": 1704726727,
        "narHash": "sha256-rjbYKaV0TILbygUl8QshfNsxQADMyPBaoapL+dvv04I=",
        "owner": "zootedb0t",
        "repo": "citruszest.nvim",
        "rev": "17b1fe8cf7cf69fe5017176b4a3edbd4ec9eaa0c",
        "type": "github"
      },
      "original": {
        "owner": "zootedb0t",
        "repo": "citruszest.nvim",
        "type": "github"
      }
    },
    "efmls-configs": {
      "flake": false,
      "locked": {
        "lastModified": 1704472430,
        "narHash": "sha256-ofvbzB3xrxpz0vq0kMKW0LlN9aXlIkvdbzxeuT3u34c=",
        "owner": "creativenull",
        "repo": "efmls-configs-nvim",
        "rev": "05de7abe493168ed4a0b039fc9fbbabf45bf0d00",
        "type": "github"
      },
      "original": {
        "owner": "creativenull",
        "repo": "efmls-configs-nvim",
        "type": "github"
      }
    },
    "flake-parts": {
      "inputs": {
        "nixpkgs-lib": "nixpkgs-lib"
      },
      "locked": {
        "lastModified": 1704152458,
        "narHash": "sha256-DS+dGw7SKygIWf9w4eNBUZsK+4Ug27NwEWmn2tnbycg=",
        "owner": "hercules-ci",
        "repo": "flake-parts",
        "rev": "88a2cd8166694ba0b6cb374700799cec53aef527",
        "type": "github"
      },
      "original": {
        "owner": "hercules-ci",
        "repo": "flake-parts",
        "type": "github"
      }
    },
    "melange-theme": {
      "flake": false,
      "locked": {
        "lastModified": 1698069480,
        "narHash": "sha256-JBPuOODMw/XZsiP6aLrDy8Wj7wp9E2SaM1mW7iZhlIA=",
        "owner": "savq",
        "repo": "melange-nvim",
        "rev": "ca3444c8e5002ee5ab6f077660317f869c7b6a36",
        "type": "github"
      },
      "original": {
        "owner": "savq",
        "repo": "melange-nvim",
        "type": "github"
      }
    },
    "nixpkgs": {
      "locked": {
        "lastModified": 1704538339,
        "narHash": "sha256-1734d3mQuux9ySvwf6axRWZRBhtcZA9Q8eftD6EZg6U=",
        "owner": "NixOS",
        "repo": "nixpkgs",
        "rev": "46ae0210ce163b3cba6c7da08840c1d63de9c701",
        "type": "github"
      },
      "original": {
        "owner": "NixOS",
        "ref": "nixos-unstable",
        "repo": "nixpkgs",
        "type": "github"
      }
    },
    "nixpkgs-lib": {
      "locked": {
        "dir": "lib",
        "lastModified": 1703961334,
        "narHash": "sha256-M1mV/Cq+pgjk0rt6VxoyyD+O8cOUiai8t9Q6Yyq4noY=",
        "owner": "NixOS",
        "repo": "nixpkgs",
        "rev": "b0d36bd0a420ecee3bc916c91886caca87c894e9",
        "type": "github"
      },
      "original": {
        "dir": "lib",
        "owner": "NixOS",
        "ref": "nixos-unstable",
        "repo": "nixpkgs",
        "type": "github"
      }
    },
    "root": {
      "inputs": {
        "adwaita-theme": "adwaita-theme",
        "caret-theme": "caret-theme",
        "citruszest-theme": "citruszest-theme",
        "efmls-configs": "efmls-configs",
        "flake-parts": "flake-parts",
        "melange-theme": "melange-theme",
        "nixpkgs": "nixpkgs",
        "sonokai-theme": "sonokai-theme"
      }
    },
    "sonokai-theme": {
      "flake": false,
      "locked": {
        "lastModified": 1698164195,
        "narHash": "sha256-L/aPZ2CiJARxzlBoFTQ2gRWtDaSlPN7B2w8zNtLYeSU=",
        "owner": "sainnhe",
        "repo": "sonokai",
        "rev": "bdce098fc9e7202d3c555e2dc98c755ca1c23835",
        "type": "github"
      },
      "original": {
        "owner": "sainnhe",
        "repo": "sonokai",
        "type": "github"
      }
    }
  },
  "root": "root",
  "version": 7
}
