{
  "nodes": {
    "adwaita-theme": {
      "flake": false,
      "locked": {
        "lastModified": 1702658572,
        "narHash": "sha256-oQiVL/rTeeI+rE0gnnn3FgxZ7FPShm5GIk1VcYK2PdM=",
        "owner": "Mofiqul",
        "repo": "adwaita.nvim",
        "rev": "981bce791959d79cd1316e59e23906e3c05efb44",
        "type": "github"
      },
      "original": {
        "owner": "Mofiqul",
        "repo": "adwaita.nvim",
        "type": "github"
      }
    },
    "caret-theme": {
      "flake": false,
      "locked": {
        "lastModified": 1705040065,
        "narHash": "sha256-caaoHziV2VyYzmcCd2Y7FQImE9o8rlF1lrVXTpqdrHs=",
        "owner": "projekt0n",
        "repo": "caret.nvim",
        "rev": "62a18089e5eedc329dea7fb5f1436d1c1bf672b1",
        "type": "github"
      },
      "original": {
        "owner": "projekt0n",
        "repo": "caret.nvim",
        "type": "github"
      }
    },
    "citruszest-theme": {
      "flake": false,
      "locked": {
        "lastModified": 1707119791,
        "narHash": "sha256-C4zdNL3K2Dbsp+Gd7lwwo+pA0YtL6O/dSFuntenS4Fc=",
        "owner": "zootedb0t",
        "repo": "citruszest.nvim",
        "rev": "7b0dad32e2af6176d4a2dfcf724bd0ea8ec8f1d5",
        "type": "github"
      },
      "original": {
        "owner": "zootedb0t",
        "repo": "citruszest.nvim",
        "type": "github"
      }
    },
    "efmls-configs": {
      "flake": false,
      "locked": {
        "lastModified": 1706235345,
        "narHash": "sha256-5f5yzCbHpYcNn4zmArUZombrCPb/sWOERTkdkV6N0/0=",
        "owner": "creativenull",
        "repo": "efmls-configs-nvim",
        "rev": "00f922e261519ffba7ea1c6a71adcb2319b093cb",
        "type": "github"
      },
      "original": {
        "owner": "creativenull",
        "repo": "efmls-configs-nvim",
        "type": "github"
      }
    },
    "flake-parts": {
      "inputs": {
        "nixpkgs-lib": "nixpkgs-lib"
      },
      "locked": {
        "lastModified": 1706830856,
        "narHash": "sha256-a0NYyp+h9hlb7ddVz4LUn1vT/PLwqfrWYcHMvFB1xYg=",
        "owner": "hercules-ci",
        "repo": "flake-parts",
        "rev": "b253292d9c0a5ead9bc98c4e9a26c6312e27d69f",
        "type": "github"
      },
      "original": {
        "owner": "hercules-ci",
        "repo": "flake-parts",
        "type": "github"
      }
    },
    "melange-theme": {
      "flake": false,
      "locked": {
        "lastModified": 1706412586,
        "narHash": "sha256-zqvcPWBpfQyelKqX3H5t7/iu3iOTBjyf1RyFyR6pPU4=",
        "owner": "savq",
        "repo": "melange-nvim",
        "rev": "258e5afa978aa886e7ac346612e5f920a2b6be59",
        "type": "github"
      },
      "original": {
        "owner": "savq",
        "repo": "melange-nvim",
        "type": "github"
      }
    },
    "nixpkgs": {
      "locked": {
        "lastModified": 1707092692,
        "narHash": "sha256-ZbHsm+mGk/izkWtT4xwwqz38fdlwu7nUUKXTOmm4SyE=",
        "owner": "NixOS",
        "repo": "nixpkgs",
        "rev": "faf912b086576fd1a15fca610166c98d47bc667e",
        "type": "github"
      },
      "original": {
        "owner": "NixOS",
        "ref": "nixos-unstable",
        "repo": "nixpkgs",
        "type": "github"
      }
    },
    "nixpkgs-lib": {
      "locked": {
        "dir": "lib",
        "lastModified": 1706550542,
        "narHash": "sha256-UcsnCG6wx++23yeER4Hg18CXWbgNpqNXcHIo5/1Y+hc=",
        "owner": "NixOS",
        "repo": "nixpkgs",
        "rev": "97b17f32362e475016f942bbdfda4a4a72a8a652",
        "type": "github"
      },
      "original": {
        "dir": "lib",
        "owner": "NixOS",
        "ref": "nixos-unstable",
        "repo": "nixpkgs",
        "type": "github"
      }
    },
    "root": {
      "inputs": {
        "adwaita-theme": "adwaita-theme",
        "caret-theme": "caret-theme",
        "citruszest-theme": "citruszest-theme",
        "efmls-configs": "efmls-configs",
        "flake-parts": "flake-parts",
        "melange-theme": "melange-theme",
        "nixpkgs": "nixpkgs",
        "sonokai-theme": "sonokai-theme"
      }
    },
    "sonokai-theme": {
      "flake": false,
      "locked": {
        "lastModified": 1706047832,
        "narHash": "sha256-Yu9CuYegeJj8hDrfdE4doF0clz0XW+VS1RxbmxUNCM0=",
        "owner": "sainnhe",
        "repo": "sonokai",
        "rev": "42822f8f9b3a5088f05cf72a0aa1477598ad1a40",
        "type": "github"
      },
      "original": {
        "owner": "sainnhe",
        "repo": "sonokai",
        "type": "github"
      }
    }
  },
  "root": "root",
  "version": 7
}
